
Microsoft Visual Studio Solution File, Format Version 12.00
# Visual Studio 15
VisualStudioVersion = 15.0.28307.1300
MinimumVisualStudioVersion = 10.0.40219.1
Project("{FAE04EC0-301F-11D3-BF4B-00C04F79EFBC}") = "GestOn1", "GestOn1\GestOn1.csproj", "{EB4AB2A8-379A-411F-A86C-A7AD7B4F2299}"
EndProject
Project("{FAE04EC0-301F-11D3-BF4B-00C04F79EFBC}") = "BibliotecaClases", "BibliotecaClases2\BibliotecaClases.csproj", "{574E3AE5-C3E7-43E8-814F-2E797E8B7804}"
EndProject
Global
	GlobalSection(SolutionConfigurationPlatforms) = preSolution
		Debug|Any CPU = Debug|Any CPU
		Release|Any CPU = Release|Any CPU
	EndGlobalSection
	GlobalSection(ProjectConfigurationPlatforms) = postSolution
		{EB4AB2A8-379A-411F-A86C-A7AD7B4F2299}.Debug|Any CPU.ActiveCfg = Debug|Any CPU
		{EB4AB2A8-379A-411F-A86C-A7AD7B4F2299}.Debug|Any CPU.Build.0 = Debug|Any CPU
		{EB4AB2A8-379A-411F-A86C-A7AD7B4F2299}.Release|Any CPU.ActiveCfg = Release|Any CPU
		{EB4AB2A8-379A-411F-A86C-A7AD7B4F2299}.Release|Any CPU.Build.0 = Release|Any CPU
		{574E3AE5-C3E7-43E8-814F-2E797E8B7804}.Debug|Any CPU.ActiveCfg = Debug|Any CPU
		{574E3AE5-C3E7-43E8-814F-2E797E8B7804}.Debug|Any CPU.Build.0 = Debug|Any CPU
		{574E3AE5-C3E7-43E8-814F-2E797E8B7804}.Release|Any CPU.ActiveCfg = Release|Any CPU
		{574E3AE5-C3E7-43E8-814F-2E797E8B7804}.Release|Any CPU.Build.0 = Release|Any CPU
	EndGlobalSection
	GlobalSection(SolutionProperties) = preSolution
		HideSolutionNode = FALSE
	EndGlobalSection
	GlobalSection(ExtensibilityGlobals) = postSolution
		SolutionGuid = {DA965846-582B-44E5-AD14-AC5E6012AA3B}
	EndGlobalSection
EndGlobal
